
Microsoft Visual Studio Solution File, Format Version 12.00
# Visual Studio Version 16
VisualStudioVersion = 16.0.31025.194
MinimumVisualStudioVersion = 10.0.40219.1
Project("{FAE04EC0-301F-11D3-BF4B-00C04F79EFBC}") = "UnitTestJoePizza", "UnitTestJoePizza.csproj", "{3769790E-EEE0-4E7A-8C81-4CF0934E79DF}"
EndProject
Global
	GlobalSection(SolutionConfigurationPlatforms) = preSolution
		Debug|Any CPU = Debug|Any CPU
		Release|Any CPU = Release|Any CPU
	EndGlobalSection
	GlobalSection(ProjectConfigurationPlatforms) = postSolution
		{3769790E-EEE0-4E7A-8C81-4CF0934E79DF}.Debug|Any CPU.ActiveCfg = Debug|Any CPU
		{3769790E-EEE0-4E7A-8C81-4CF0934E79DF}.Debug|Any CPU.Build.0 = Debug|Any CPU
		{3769790E-EEE0-4E7A-8C81-4CF0934E79DF}.Release|Any CPU.ActiveCfg = Release|Any CPU
		{3769790E-EEE0-4E7A-8C81-4CF0934E79DF}.Release|Any CPU.Build.0 = Release|Any CPU
	EndGlobalSection
	GlobalSection(SolutionProperties) = preSolution
		HideSolutionNode = FALSE
	EndGlobalSection
	GlobalSection(ExtensibilityGlobals) = postSolution
		SolutionGuid = {1EC5793D-7A1F-4C23-9F44-9415BE02AA09}
	EndGlobalSection
EndGlobal
